
Microsoft Visual Studio Solution File, Format Version 12.00
# Visual Studio Version 17
VisualStudioVersion = 17.0.31903.59
MinimumVisualStudioVersion = 10.0.40219.1
Project("{2150E333-8FDC-42A3-9474-1A3956D46DE8}") = "src", "src", "{61CF066C-8486-40A3-BDBC-35B3EDF0F67F}"
EndProject
Project("{2150E333-8FDC-42A3-9474-1A3956D46DE8}") = "common", "common", "{9A9A50A1-C343-417F-AA33-89FA9648D7F5}"
EndProject
Project("{2150E333-8FDC-42A3-9474-1A3956D46DE8}") = "core", "core", "{31342389-E87E-4A07-8BDB-544D2CAD066D}"
EndProject
Project("{2150E333-8FDC-42A3-9474-1A3956D46DE8}") = "presentation", "presentation", "{9B420870-F89E-466B-B860-0C26ECCED875}"
EndProject
Project("{FAE04EC0-301F-11D3-BF4B-00C04F79EFBC}") = "common", "common\common.csproj", "{4FD444EA-8E42-434F-9289-302476F03215}"
EndProject
Project("{FAE04EC0-301F-11D3-BF4B-00C04F79EFBC}") = "domain", "domain\domain.csproj", "{7C53E979-4C43-4B22-93BB-46FEA45FFC96}"
EndProject
Project("{FAE04EC0-301F-11D3-BF4B-00C04F79EFBC}") = "presistance", "presistance\presistance.csproj", "{849E362C-0DCC-4837-B500-4F7D11D19A22}"
EndProject
Project("{FAE04EC0-301F-11D3-BF4B-00C04F79EFBC}") = "infrastructure", "infrastructure\infrastructure.csproj", "{DCA582C1-F80D-49E2-8498-5CBCE1DA16A8}"
EndProject
Project("{FAE04EC0-301F-11D3-BF4B-00C04F79EFBC}") = "application", "application\application.csproj", "{04C08E74-4C43-40FB-9264-DA65236FD75D}"
EndProject
Project("{FAE04EC0-301F-11D3-BF4B-00C04F79EFBC}") = "endpoint-api", "endpoint-api\endpoint-api.csproj", "{DB516200-5442-4242-8B74-E4A2747A7AC9}"
EndProject
Global
	GlobalSection(SolutionConfigurationPlatforms) = preSolution
		Debug|Any CPU = Debug|Any CPU
		Release|Any CPU = Release|Any CPU
	EndGlobalSection
	GlobalSection(ProjectConfigurationPlatforms) = postSolution
		{4FD444EA-8E42-434F-9289-302476F03215}.Debug|Any CPU.ActiveCfg = Debug|Any CPU
		{4FD444EA-8E42-434F-9289-302476F03215}.Debug|Any CPU.Build.0 = Debug|Any CPU
		{4FD444EA-8E42-434F-9289-302476F03215}.Release|Any CPU.ActiveCfg = Release|Any CPU
		{4FD444EA-8E42-434F-9289-302476F03215}.Release|Any CPU.Build.0 = Release|Any CPU
		{7C53E979-4C43-4B22-93BB-46FEA45FFC96}.Debug|Any CPU.ActiveCfg = Debug|Any CPU
		{7C53E979-4C43-4B22-93BB-46FEA45FFC96}.Debug|Any CPU.Build.0 = Debug|Any CPU
		{7C53E979-4C43-4B22-93BB-46FEA45FFC96}.Release|Any CPU.ActiveCfg = Release|Any CPU
		{7C53E979-4C43-4B22-93BB-46FEA45FFC96}.Release|Any CPU.Build.0 = Release|Any CPU
		{849E362C-0DCC-4837-B500-4F7D11D19A22}.Debug|Any CPU.ActiveCfg = Debug|Any CPU
		{849E362C-0DCC-4837-B500-4F7D11D19A22}.Debug|Any CPU.Build.0 = Debug|Any CPU
		{849E362C-0DCC-4837-B500-4F7D11D19A22}.Release|Any CPU.ActiveCfg = Release|Any CPU
		{849E362C-0DCC-4837-B500-4F7D11D19A22}.Release|Any CPU.Build.0 = Release|Any CPU
		{DCA582C1-F80D-49E2-8498-5CBCE1DA16A8}.Debug|Any CPU.ActiveCfg = Debug|Any CPU
		{DCA582C1-F80D-49E2-8498-5CBCE1DA16A8}.Debug|Any CPU.Build.0 = Debug|Any CPU
		{DCA582C1-F80D-49E2-8498-5CBCE1DA16A8}.Release|Any CPU.ActiveCfg = Release|Any CPU
		{DCA582C1-F80D-49E2-8498-5CBCE1DA16A8}.Release|Any CPU.Build.0 = Release|Any CPU
		{04C08E74-4C43-40FB-9264-DA65236FD75D}.Debug|Any CPU.ActiveCfg = Debug|Any CPU
		{04C08E74-4C43-40FB-9264-DA65236FD75D}.Debug|Any CPU.Build.0 = Debug|Any CPU
		{04C08E74-4C43-40FB-9264-DA65236FD75D}.Release|Any CPU.ActiveCfg = Release|Any CPU
		{04C08E74-4C43-40FB-9264-DA65236FD75D}.Release|Any CPU.Build.0 = Release|Any CPU
		{DB516200-5442-4242-8B74-E4A2747A7AC9}.Debug|Any CPU.ActiveCfg = Debug|Any CPU
		{DB516200-5442-4242-8B74-E4A2747A7AC9}.Debug|Any CPU.Build.0 = Debug|Any CPU
		{DB516200-5442-4242-8B74-E4A2747A7AC9}.Release|Any CPU.ActiveCfg = Release|Any CPU
		{DB516200-5442-4242-8B74-E4A2747A7AC9}.Release|Any CPU.Build.0 = Release|Any CPU
	EndGlobalSection
	GlobalSection(SolutionProperties) = preSolution
		HideSolutionNode = FALSE
	EndGlobalSection
	GlobalSection(NestedProjects) = preSolution
		{9A9A50A1-C343-417F-AA33-89FA9648D7F5} = {61CF066C-8486-40A3-BDBC-35B3EDF0F67F}
		{31342389-E87E-4A07-8BDB-544D2CAD066D} = {61CF066C-8486-40A3-BDBC-35B3EDF0F67F}
		{9B420870-F89E-466B-B860-0C26ECCED875} = {61CF066C-8486-40A3-BDBC-35B3EDF0F67F}
		{4FD444EA-8E42-434F-9289-302476F03215} = {9A9A50A1-C343-417F-AA33-89FA9648D7F5}
		{7C53E979-4C43-4B22-93BB-46FEA45FFC96} = {31342389-E87E-4A07-8BDB-544D2CAD066D}
		{849E362C-0DCC-4837-B500-4F7D11D19A22} = {31342389-E87E-4A07-8BDB-544D2CAD066D}
		{DCA582C1-F80D-49E2-8498-5CBCE1DA16A8} = {31342389-E87E-4A07-8BDB-544D2CAD066D}
		{04C08E74-4C43-40FB-9264-DA65236FD75D} = {31342389-E87E-4A07-8BDB-544D2CAD066D}
		{DB516200-5442-4242-8B74-E4A2747A7AC9} = {9B420870-F89E-466B-B860-0C26ECCED875}
	EndGlobalSection
	GlobalSection(ExtensibilityGlobals) = postSolution
		SolutionGuid = {20E65427-4EF0-43D4-AB75-1BC35E1D3C6C}
	EndGlobalSection
EndGlobal
